// !$*UTF8*$!
{
	archiveVersion = 1;
	classes = {
	};
	objectVersion = 48;
	objects = {

/* Begin PBXBuildFile section */
		3876D5C21FCB6A49002F8AD9 /* main.swift in Sources */ = {isa = PBXBuildFile; fileRef = 3876D5C11FCB6A49002F8AD9 /* main.swift */; };
		3876D5C91FCB6AAC002F8AD9 /* AddressCard.swift in Sources */ = {isa = PBXBuildFile; fileRef = 3876D5C81FCB6AAC002F8AD9 /* AddressCard.swift */; };
		3876D5CB1FCB7274002F8AD9 /* AddressBook.swift in Sources */ = {isa = PBXBuildFile; fileRef = 3876D5CA1FCB7274002F8AD9 /* AddressBook.swift */; };
/* End PBXBuildFile section */

/* Begin PBXCopyFilesBuildPhase section */
		3876D5BC1FCB6A49002F8AD9 /* CopyFiles */ = {
			isa = PBXCopyFilesBuildPhase;
			buildActionMask = 2147483647;
			dstPath = /usr/share/man/man1/;
			dstSubfolderSpec = 0;
			files = (
			);
			runOnlyForDeploymentPostprocessing = 1;
		};
/* End PBXCopyFilesBuildPhase section */

/* Begin PBXFileReference section */
		3876D5BE1FCB6A49002F8AD9 /* iOS3-Paetzold */ = {isa = PBXFileReference; explicitFileType = "compiled.mach-o.executable"; includeInIndex = 0; path = "iOS3-Paetzold"; sourceTree = BUILT_PRODUCTS_DIR; };
		3876D5C11FCB6A49002F8AD9 /* main.swift */ = {isa = PBXFileReference; lastKnownFileType = sourcecode.swift; path = main.swift; sourceTree = "<group>"; };
		3876D5C81FCB6AAC002F8AD9 /* AddressCard.swift */ = {isa = PBXFileReference; lastKnownFileType = sourcecode.swift; path = AddressCard.swift; sourceTree = "<group>"; };
		3876D5CA1FCB7274002F8AD9 /* AddressBook.swift */ = {isa = PBXFileReference; lastKnownFileType = sourcecode.swift; path = AddressBook.swift; sourceTree = "<group>"; };
/* End PBXFileReference section */

/* Begin PBXFrameworksBuildPhase section */
		3876D5BB1FCB6A49002F8AD9 /* Frameworks */ = {
			isa = PBXFrameworksBuildPhase;
			buildActionMask = 2147483647;
			files = (
			);
			runOnlyForDeploymentPostprocessing = 0;
		};
/* End PBXFrameworksBuildPhase section */

/* Begin PBXGroup section */
		3876D5B51FCB6A49002F8AD9 = {
			isa = PBXGroup;
			children = (
				3876D5C01FCB6A49002F8AD9 /* iOS3-Paetzold */,
				3876D5BF1FCB6A49002F8AD9 /* Products */,
			);
			sourceTree = "<group>";
		};
		3876D5BF1FCB6A49002F8AD9 /* Products */ = {
			isa = PBXGroup;
			children = (
				3876D5BE1FCB6A49002F8AD9 /* iOS3-Paetzold */,
			);
			name = Products;
			sourceTree = "<group>";
		};
		3876D5C01FCB6A49002F8AD9 /* iOS3-Paetzold */ = {
			isa = PBXGroup;
			children = (
				3876D5C11FCB6A49002F8AD9 /* main.swift */,
				3876D5C81FCB6AAC002F8AD9 /* AddressCard.swift */,
				3876D5CA1FCB7274002F8AD9 /* AddressBook.swift */,
			);
			path = "iOS3-Paetzold";
			sourceTree = "<group>";
		};
/* End PBXGroup section */

/* Begin PBXNativeTarget section */
		3876D5BD1FCB6A49002F8AD9 /* iOS3-Paetzold */ = {
			isa = PBXNativeTarget;
			buildConfigurationList = 3876D5C51FCB6A49002F8AD9 /* Build configuration list for PBXNativeTarget "iOS3-Paetzold" */;
			buildPhases = (
				3876D5BA1FCB6A49002F8AD9 /* Sources */,
				3876D5BB1FCB6A49002F8AD9 /* Frameworks */,
				3876D5BC1FCB6A49002F8AD9 /* CopyFiles */,
			);
			buildRules = (
			);
			dependencies = (
			);
			name = "iOS3-Paetzold";
			productName = "iOS3-Paetzold";
			productReference = 3876D5BE1FCB6A49002F8AD9 /* iOS3-Paetzold */;
			productType = "com.apple.product-type.tool";
		};
/* End PBXNativeTarget section */

/* Begin PBXProject section */
		3876D5B61FCB6A49002F8AD9 /* Project object */ = {
			isa = PBXProject;
			attributes = {
				LastSwiftUpdateCheck = 0900;
				LastUpgradeCheck = 0900;
				ORGANIZATIONNAME = "Franziska Pätzold";
				TargetAttributes = {
					3876D5BD1FCB6A49002F8AD9 = {
						CreatedOnToolsVersion = 9.0.1;
						ProvisioningStyle = Automatic;
					};
				};
			};
			buildConfigurationList = 3876D5B91FCB6A49002F8AD9 /* Build configuration list for PBXProject "iOS3-Paetzold" */;
			compatibilityVersion = "Xcode 8.0";
			developmentRegion = en;
			hasScannedForEncodings = 0;
			knownRegions = (
				en,
			);
			mainGroup = 3876D5B51FCB6A49002F8AD9;
			productRefGroup = 3876D5BF1FCB6A49002F8AD9 /* Products */;
			projectDirPath = "";
			projectRoot = "";
			targets = (
				3876D5BD1FCB6A49002F8AD9 /* iOS3-Paetzold */,
			);
		};
/* End PBXProject section */

/* Begin PBXSourcesBuildPhase section */
		3876D5BA1FCB6A49002F8AD9 /* Sources */ = {
			isa = PBXSourcesBuildPhase;
			buildActionMask = 2147483647;
			files = (
				3876D5CB1FCB7274002F8AD9 /* AddressBook.swift in Sources */,
				3876D5C91FCB6AAC002F8AD9 /* AddressCard.swift in Sources */,
				3876D5C21FCB6A49002F8AD9 /* main.swift in Sources */,
			);
			runOnlyForDeploymentPostprocessing = 0;
		};
/* End PBXSourcesBuildPhase section */

/* Begin XCBuildConfiguration section */
		3876D5C31FCB6A49002F8AD9 /* Debug */ = {
			isa = XCBuildConfiguration;
			buildSettings = {
				ALWAYS_SEARCH_USER_PATHS = NO;
				CLANG_ANALYZER_NONNULL = YES;
				CLANG_ANALYZER_NUMBER_OBJECT_CONVERSION = YES_AGGRESSIVE;
				CLANG_CXX_LANGUAGE_STANDARD = "gnu++14";
				CLANG_CXX_LIBRARY = "libc++";
				CLANG_ENABLE_MODULES = YES;
				CLANG_ENABLE_OBJC_ARC = YES;
				CLANG_WARN_BLOCK_CAPTURE_AUTORELEASING = YES;
				CLANG_WARN_BOOL_CONVERSION = YES;
				CLANG_WARN_COMMA = YES;
				CLANG_WARN_CONSTANT_CONVERSION = YES;
				CLANG_WARN_DIRECT_OBJC_ISA_USAGE = YES_ERROR;
				CLANG_WARN_DOCUMENTATION_COMMENTS = YES;
				CLANG_WARN_EMPTY_BODY = YES;
				CLANG_WARN_ENUM_CONVERSION = YES;
				CLANG_WARN_INFINITE_RECURSION = YES;
				CLANG_WARN_INT_CONVERSION = YES;
				CLANG_WARN_NON_LITERAL_NULL_CONVERSION = YES;
				CLANG_WARN_OBJC_LITERAL_CONVERSION = YES;
				CLANG_WARN_OBJC_ROOT_CLASS = YES_ERROR;
				CLANG_WARN_RANGE_LOOP_ANALYSIS = YES;
				CLANG_WARN_STRICT_PROTOTYPES = YES;
				CLANG_WARN_SUSPICIOUS_MOVE = YES;
				CLANG_WARN_UNGUARDED_AVAILABILITY = YES_AGGRESSIVE;
				CLANG_WARN_UNREACHABLE_CODE = YES;
				CLANG_WARN__DUPLICATE_METHOD_MATCH = YES;
				CODE_SIGN_IDENTITY = "-";
				COPY_PHASE_STRIP = NO;
				DEBUG_INFORMATION_FORMAT = dwarf;
				ENABLE_STRICT_OBJC_MSGSEND = YES;
				ENABLE_TESTABILITY = YES;
				GCC_C_LANGUAGE_STANDARD = gnu11;
				GCC_DYNAMIC_NO_PIC = NO;
				GCC_NO_COMMON_BLOCKS = YES;
				GCC_OPTIMIZATION_LEVEL = 0;
				GCC_PREPROCESSOR_DEFINITIONS = (
					"DEBUG=1",
					"$(inherited)",
				);
				GCC_WARN_64_TO_32_BIT_CONVERSION = YES;
				GCC_WARN_ABOUT_RETURN_TYPE = YES_ERROR;
				GCC_WARN_UNDECLARED_SELECTOR = YES;
				GCC_WARN_UNINITIALIZED_AUTOS = YES_AGGRESSIVE;
				GCC_WARN_UNUSED_FUNCTION = YES;
				GCC_WARN_UNUSED_VARIABLE = YES;
				MACOSX_DEPLOYMENT_TARGET = 10.13;
				MTL_ENABLE_DEBUG_INFO = YES;
				ONLY_ACTIVE_ARCH = YES;
				SDKROOT = macosx;
				SWIFT_ACTIVE_COMPILATION_CONDITIONS = DEBUG;
				SWIFT_OPTIMIZATION_LEVEL = "-Onone";
			};
			name = Debug;
		};
		3876D5C41FCB6A49002F8AD9 /* Release */ = {
			isa = XCBuildConfiguration;
			buildSettings = {
				ALWAYS_SEARCH_USER_PATHS = NO;
				CLANG_ANALYZER_NONNULL = YES;
				CLANG_ANALYZER_NUMBER_OBJECT_CONVERSION = YES_AGGRESSIVE;
				CLANG_CXX_LANGUAGE_STANDARD = "gnu++14";
				CLANG_CXX_LIBRARY = "libc++";
				CLANG_ENABLE_MODULES = YES;
				CLANG_ENABLE_OBJC_ARC = YES;
				CLANG_WARN_BLOCK_CAPTURE_AUTORELEASING = YES;
				CLANG_WARN_BOOL_CONVERSION = YES;
				CLANG_WARN_COMMA = YES;
				CLANG_WARN_CONSTANT_CONVERSION = YES;
				CLANG_WARN_DIRECT_OBJC_ISA_USAGE = YES_ERROR;
				CLANG_WARN_DOCUMENTATION_COMMENTS = YES;
				CLANG_WARN_EMPTY_BODY = YES;
				CLANG_WARN_ENUM_CONVERSION = YES;
				CLANG_WARN_INFINITE_RECURSION = YES;
				CLANG_WARN_INT_CONVERSION = YES;
				CLANG_WARN_NON_LITERAL_NULL_CONVERSION = YES;
				CLANG_WARN_OBJC_LITERAL_CONVERSION = YES;
				CLANG_WARN_OBJC_ROOT_CLASS = YES_ERROR;
				CLANG_WARN_RANGE_LOOP_ANALYSIS = YES;
				CLANG_WARN_STRICT_PROTOTYPES = YES;
				CLANG_WARN_SUSPICIOUS_MOVE = YES;
				CLANG_WARN_UNGUARDED_AVAILABILITY = YES_AGGRESSIVE;
				CLANG_WARN_UNREACHABLE_CODE = YES;
				CLANG_WARN__DUPLICATE_METHOD_MATCH = YES;
				CODE_SIGN_IDENTITY = "-";
				COPY_PHASE_STRIP = NO;
				DEBUG_INFORMATION_FORMAT = "dwarf-with-dsym";
				ENABLE_NS_ASSERTIONS = NO;
				ENABLE_STRICT_OBJC_MSGSEND = YES;
				GCC_C_LANGUAGE_STANDARD = gnu11;
				GCC_NO_COMMON_BLOCKS = YES;
				GCC_WARN_64_TO_32_BIT_CONVERSION = YES;
				GCC_WARN_ABOUT_RETURN_TYPE = YES_ERROR;
				GCC_WARN_UNDECLARED_SELECTOR = YES;
				GCC_WARN_UNINITIALIZED_AUTOS = YES_AGGRESSIVE;
				GCC_WARN_UNUSED_FUNCTION = YES;
				GCC_WARN_UNUSED_VARIABLE = YES;
				MACOSX_DEPLOYMENT_TARGET = 10.13;
				MTL_ENABLE_DEBUG_INFO = NO;
				SDKROOT = macosx;
				SWIFT_OPTIMIZATION_LEVEL = "-Owholemodule";
			};
			name = Release;
		};
		3876D5C61FCB6A49002F8AD9 /* Debug */ = {
			isa = XCBuildConfiguration;
			buildSettings = {
				CODE_SIGN_STYLE = Automatic;
				PRODUCT_NAME = "$(TARGET_NAME)";
				SWIFT_VERSION = 4.0;
			};
			name = Debug;
		};
		3876D5C71FCB6A49002F8AD9 /* Release */ = {
			isa = XCBuildConfiguration;
			buildSettings = {
				CODE_SIGN_STYLE = Automatic;
				PRODUCT_NAME = "$(TARGET_NAME)";
				SWIFT_VERSION = 4.0;
			};
			name = Release;
		};
/* End XCBuildConfiguration section */

/* Begin XCConfigurationList section */
		3876D5B91FCB6A49002F8AD9 /* Build configuration list for PBXProject "iOS3-Paetzold" */ = {
			isa = XCConfigurationList;
			buildConfigurations = (
				3876D5C31FCB6A49002F8AD9 /* Debug */,
				3876D5C41FCB6A49002F8AD9 /* Release */,
			);
			defaultConfigurationIsVisible = 0;
			defaultConfigurationName = Release;
		};
		3876D5C51FCB6A49002F8AD9 /* Build configuration list for PBXNativeTarget "iOS3-Paetzold" */ = {
			isa = XCConfigurationList;
			buildConfigurations = (
				3876D5C61FCB6A49002F8AD9 /* Debug */,
				3876D5C71FCB6A49002F8AD9 /* Release */,
			);
			defaultConfigurationIsVisible = 0;
			defaultConfigurationName = Release;
		};
/* End XCConfigurationList section */
	};
	rootObject = 3876D5B61FCB6A49002F8AD9 /* Project object */;
}
